
Microsoft Visual Studio Solution File, Format Version 11.00
# Visual Studio 2010
Project("{8BC9CEB8-8B4A-11D0-8D11-00A0C91BC942}") = "raaOSGSimpleDemo", "raaOSGSimpleDemo\raaOSGSimpleDemo.vcxproj", "{BBF19214-59D8-44DC-9E18-98ABB2BD57D2}"
EndProject
Global
	GlobalSection(SolutionConfigurationPlatforms) = preSolution
		Debug|Win32 = Debug|Win32
		Release|Win32 = Release|Win32
		test|Win32 = test|Win32
	EndGlobalSection
	GlobalSection(ProjectConfigurationPlatforms) = postSolution
		{BBF19214-59D8-44DC-9E18-98ABB2BD57D2}.Debug|Win32.ActiveCfg = Debug|Win32
		{BBF19214-59D8-44DC-9E18-98ABB2BD57D2}.Debug|Win32.Build.0 = Debug|Win32
		{BBF19214-59D8-44DC-9E18-98ABB2BD57D2}.Release|Win32.ActiveCfg = Release|Win32
		{BBF19214-59D8-44DC-9E18-98ABB2BD57D2}.Release|Win32.Build.0 = Release|Win32
		{BBF19214-59D8-44DC-9E18-98ABB2BD57D2}.test|Win32.ActiveCfg = test|Win32
		{BBF19214-59D8-44DC-9E18-98ABB2BD57D2}.test|Win32.Build.0 = test|Win32
	EndGlobalSection
	GlobalSection(SolutionProperties) = preSolution
		HideSolutionNode = FALSE
	EndGlobalSection
EndGlobal
